
Microsoft Visual Studio Solution File, Format Version 12.00
# Visual Studio Version 17
VisualStudioVersion = 17.7.34221.43
MinimumVisualStudioVersion = 10.0.40219.1
Project("{FAE04EC0-301F-11D3-BF4B-00C04F79EFBC}") = "WebApplication1", "WebApplication1.csproj", "{2C03D418-677C-431B-9937-2946FB3DBB73}"
EndProject
Global
	GlobalSection(SolutionConfigurationPlatforms) = preSolution
		Debug|Any CPU = Debug|Any CPU
		Release|Any CPU = Release|Any CPU
	EndGlobalSection
	GlobalSection(ProjectConfigurationPlatforms) = postSolution
		{2C03D418-677C-431B-9937-2946FB3DBB73}.Debug|Any CPU.ActiveCfg = Debug|Any CPU
		{2C03D418-677C-431B-9937-2946FB3DBB73}.Debug|Any CPU.Build.0 = Debug|Any CPU
		{2C03D418-677C-431B-9937-2946FB3DBB73}.Release|Any CPU.ActiveCfg = Release|Any CPU
		{2C03D418-677C-431B-9937-2946FB3DBB73}.Release|Any CPU.Build.0 = Release|Any CPU
	EndGlobalSection
	GlobalSection(SolutionProperties) = preSolution
		HideSolutionNode = FALSE
	EndGlobalSection
	GlobalSection(ExtensibilityGlobals) = postSolution
		SolutionGuid = {59E8323D-2268-45E0-BE0B-BD8E1158EF40}
	EndGlobalSection
EndGlobal
